// !$*UTF8*$!
{
	archiveVersion = 1;
	classes = {
	};
	objectVersion = 51;
	objects = {

/* Begin PBXBuildFile section */
		110B3CDD241F3CD200840C4E /* Gameplay.swift in Sources */ = {isa = PBXBuildFile; fileRef = 110B3CDC241F3CD200840C4E /* Gameplay.swift */; };
		110B3CDF241F3DAE00840C4E /* Vector.swift in Sources */ = {isa = PBXBuildFile; fileRef = 110B3CDE241F3DAE00840C4E /* Vector.swift */; };
		110B3CE1241F3EC000840C4E /* Powerup.swift in Sources */ = {isa = PBXBuildFile; fileRef = 110B3CE0241F3EC000840C4E /* Powerup.swift */; };
		110B3CE5241F431700840C4E /* Gameplay+FirestoreModel.swift in Sources */ = {isa = PBXBuildFile; fileRef = 110B3CE4241F431700840C4E /* Gameplay+FirestoreModel.swift */; };
		110B3CE7241F45D900840C4E /* GameplayStore.swift in Sources */ = {isa = PBXBuildFile; fileRef = 110B3CE6241F45D900840C4E /* GameplayStore.swift */; };
		110B3CEB241F655500840C4E /* PlayerGameState+FirestoreModel.swift in Sources */ = {isa = PBXBuildFile; fileRef = 110B3CEA241F655500840C4E /* PlayerGameState+FirestoreModel.swift */; };
		110B3CED2420605600840C4E /* FirestoreRepresentable.swift in Sources */ = {isa = PBXBuildFile; fileRef = 110B3CEC2420605600840C4E /* FirestoreRepresentable.swift */; };
		110B3CEF242062C300840C4E /* Powerup+FirestoreRepresentable.swift in Sources */ = {isa = PBXBuildFile; fileRef = 110B3CEE242062C300840C4E /* Powerup+FirestoreRepresentable.swift */; };
		110B3CF124206C4A00840C4E /* PlayerGameState.swift in Sources */ = {isa = PBXBuildFile; fileRef = 110B3CF024206C4A00840C4E /* PlayerGameState.swift */; };
		111D2EF52418C8BA0083373C /* UserStoreError.swift in Sources */ = {isa = PBXBuildFile; fileRef = 111D2EF42418C8BA0083373C /* UserStoreError.swift */; };
		1127C55A2415E18800A78AA0 /* GoogleService-Info.plist in Resources */ = {isa = PBXBuildFile; fileRef = 1127C5592415E18800A78AA0 /* GoogleService-Info.plist */; };
		1127C5602415E34F00A78AA0 /* AppCoordinator.swift in Sources */ = {isa = PBXBuildFile; fileRef = 1127C55F2415E34F00A78AA0 /* AppCoordinator.swift */; };
		1127C5642415E3AE00A78AA0 /* Coordinator.swift in Sources */ = {isa = PBXBuildFile; fileRef = 1127C5632415E3AE00A78AA0 /* Coordinator.swift */; };
		1127C5672415E47500A78AA0 /* Navigator.swift in Sources */ = {isa = PBXBuildFile; fileRef = 1127C5662415E47500A78AA0 /* Navigator.swift */; };
		1127C56A2415E4B400A78AA0 /* NavigatorTransitionType.swift in Sources */ = {isa = PBXBuildFile; fileRef = 1127C5692415E4B400A78AA0 /* NavigatorTransitionType.swift */; };
		1127C56C2415E55A00A78AA0 /* HomeCoordinator.swift in Sources */ = {isa = PBXBuildFile; fileRef = 1127C56B2415E55A00A78AA0 /* HomeCoordinator.swift */; };
		1127C56E2415E58400A78AA0 /* HomeViewModel.swift in Sources */ = {isa = PBXBuildFile; fileRef = 1127C56D2415E58400A78AA0 /* HomeViewModel.swift */; };
		1127C5702415E5C400A78AA0 /* HomeViewController.swift in Sources */ = {isa = PBXBuildFile; fileRef = 1127C56F2415E5C400A78AA0 /* HomeViewController.swift */; };
		1127C5742415EA5200A78AA0 /* Nameable.swift in Sources */ = {isa = PBXBuildFile; fileRef = 1127C5732415EA5200A78AA0 /* Nameable.swift */; };
		1127C5772415EAA500A78AA0 /* UIViewController+Nameable.swift in Sources */ = {isa = PBXBuildFile; fileRef = 1127C5762415EAA500A78AA0 /* UIViewController+Nameable.swift */; };
		1127C5792415EE2000A78AA0 /* .swiftlint.yml in Resources */ = {isa = PBXBuildFile; fileRef = 1127C5782415EE2000A78AA0 /* .swiftlint.yml */; };
		1127C57C2415F80B00A78AA0 /* HomeViewController.xib in Resources */ = {isa = PBXBuildFile; fileRef = 1127C57B2415F80B00A78AA0 /* HomeViewController.xib */; };
		1127C57E2415FBA200A78AA0 /* AuthViewModel.swift in Sources */ = {isa = PBXBuildFile; fileRef = 1127C57D2415FBA200A78AA0 /* AuthViewModel.swift */; };
		1127C5802415FBAC00A78AA0 /* AuthViewController.swift in Sources */ = {isa = PBXBuildFile; fileRef = 1127C57F2415FBAC00A78AA0 /* AuthViewController.swift */; };
		1127C5822415FBBD00A78AA0 /* AuthCoordinator.swift in Sources */ = {isa = PBXBuildFile; fileRef = 1127C5812415FBBD00A78AA0 /* AuthCoordinator.swift */; };
		1127C586241606CD00A78AA0 /* AuthViewController.xib in Resources */ = {isa = PBXBuildFile; fileRef = 1127C585241606CD00A78AA0 /* AuthViewController.xib */; };
		1127C58A24161B6400A78AA0 /* UIViewController+ErrorToaster.swift in Sources */ = {isa = PBXBuildFile; fileRef = 1127C58924161B6400A78AA0 /* UIViewController+ErrorToaster.swift */; };
		1127C58C24161B9500A78AA0 /* UILabel+DynamicHeight.swift in Sources */ = {isa = PBXBuildFile; fileRef = 1127C58B24161B9500A78AA0 /* UILabel+DynamicHeight.swift */; };
		117BA3242418EDE7001089D1 /* UIViewController+ActivityIndicator.swift in Sources */ = {isa = PBXBuildFile; fileRef = 117BA3232418EDE7001089D1 /* UIViewController+ActivityIndicator.swift */; };
		117BA3272418F1E7001089D1 /* UIColor+FromHex.swift in Sources */ = {isa = PBXBuildFile; fileRef = 117BA3262418F1E7001089D1 /* UIColor+FromHex.swift */; };
		119C541024164AFE00F27D87 /* User.swift in Sources */ = {isa = PBXBuildFile; fileRef = 119C540F24164AFE00F27D87 /* User.swift */; };
		119C54182416646E00F27D87 /* UserStore.swift in Sources */ = {isa = PBXBuildFile; fileRef = 119C54172416646E00F27D87 /* UserStore.swift */; };
		119C541A2416654900F27D87 /* API.swift in Sources */ = {isa = PBXBuildFile; fileRef = 119C54192416654900F27D87 /* API.swift */; };
		119C541C2416704800F27D87 /* FirestoreModel.swift in Sources */ = {isa = PBXBuildFile; fileRef = 119C541B2416704800F27D87 /* FirestoreModel.swift */; };
		119C541E2416709300F27D87 /* FirestoreModelData.swift in Sources */ = {isa = PBXBuildFile; fileRef = 119C541D2416709300F27D87 /* FirestoreModelData.swift */; };
		119C5421241691DF00F27D87 /* DocumentReference.swift in Sources */ = {isa = PBXBuildFile; fileRef = 119C5420241691DF00F27D87 /* DocumentReference.swift */; };
		119C5423241691EF00F27D87 /* Query.swift in Sources */ = {isa = PBXBuildFile; fileRef = 119C5422241691EF00F27D87 /* Query.swift */; };
		119C54292418768A00F27D87 /* User+FirestoreModel.swift in Sources */ = {isa = PBXBuildFile; fileRef = 119C54282418768A00F27D87 /* User+FirestoreModel.swift */; };
		7880071E2413F37100F43B71 /* AppDelegate.swift in Sources */ = {isa = PBXBuildFile; fileRef = 7880071D2413F37100F43B71 /* AppDelegate.swift */; };
		788007202413F37100F43B71 /* GameScene.sks in Resources */ = {isa = PBXBuildFile; fileRef = 7880071F2413F37100F43B71 /* GameScene.sks */; };
		788007222413F37100F43B71 /* Actions.sks in Resources */ = {isa = PBXBuildFile; fileRef = 788007212413F37100F43B71 /* Actions.sks */; };
		788007242413F37100F43B71 /* GameScene.swift in Sources */ = {isa = PBXBuildFile; fileRef = 788007232413F37100F43B71 /* GameScene.swift */; };
		788007292413F37100F43B71 /* Main.storyboard in Resources */ = {isa = PBXBuildFile; fileRef = 788007272413F37100F43B71 /* Main.storyboard */; };
		7880072B2413F37400F43B71 /* Assets.xcassets in Resources */ = {isa = PBXBuildFile; fileRef = 7880072A2413F37400F43B71 /* Assets.xcassets */; };
		7880072E2413F37400F43B71 /* LaunchScreen.storyboard in Resources */ = {isa = PBXBuildFile; fileRef = 7880072C2413F37400F43B71 /* LaunchScreen.storyboard */; };
		788007392413F37500F43B71 /* HookiesTests.swift in Sources */ = {isa = PBXBuildFile; fileRef = 788007382413F37500F43B71 /* HookiesTests.swift */; };
		788007442413F37500F43B71 /* HookiesUITests.swift in Sources */ = {isa = PBXBuildFile; fileRef = 788007432413F37500F43B71 /* HookiesUITests.swift */; };
		8EFAA52240503BF1D2690C48 /* Pods_Hookies.framework in Frameworks */ = {isa = PBXBuildFile; fileRef = 37EDB2C81BBB678BF9D36AFA /* Pods_Hookies.framework */; };
/* End PBXBuildFile section */

/* Begin PBXContainerItemProxy section */
		788007352413F37500F43B71 /* PBXContainerItemProxy */ = {
			isa = PBXContainerItemProxy;
			containerPortal = 788007122413F37100F43B71 /* Project object */;
			proxyType = 1;
			remoteGlobalIDString = 788007192413F37100F43B71;
			remoteInfo = Hookies;
		};
		788007402413F37500F43B71 /* PBXContainerItemProxy */ = {
			isa = PBXContainerItemProxy;
			containerPortal = 788007122413F37100F43B71 /* Project object */;
			proxyType = 1;
			remoteGlobalIDString = 788007192413F37100F43B71;
			remoteInfo = Hookies;
		};
/* End PBXContainerItemProxy section */

/* Begin PBXFileReference section */
		110B3CDC241F3CD200840C4E /* Gameplay.swift */ = {isa = PBXFileReference; lastKnownFileType = sourcecode.swift; path = Gameplay.swift; sourceTree = "<group>"; };
		110B3CDE241F3DAE00840C4E /* Vector.swift */ = {isa = PBXFileReference; lastKnownFileType = sourcecode.swift; path = Vector.swift; sourceTree = "<group>"; };
		110B3CE0241F3EC000840C4E /* Powerup.swift */ = {isa = PBXFileReference; lastKnownFileType = sourcecode.swift; path = Powerup.swift; sourceTree = "<group>"; };
		110B3CE4241F431700840C4E /* Gameplay+FirestoreModel.swift */ = {isa = PBXFileReference; lastKnownFileType = sourcecode.swift; path = "Gameplay+FirestoreModel.swift"; sourceTree = "<group>"; };
		110B3CE6241F45D900840C4E /* GameplayStore.swift */ = {isa = PBXFileReference; lastKnownFileType = sourcecode.swift; path = GameplayStore.swift; sourceTree = "<group>"; };
		110B3CEA241F655500840C4E /* PlayerGameState+FirestoreModel.swift */ = {isa = PBXFileReference; lastKnownFileType = sourcecode.swift; path = "PlayerGameState+FirestoreModel.swift"; sourceTree = "<group>"; };
		110B3CEC2420605600840C4E /* FirestoreRepresentable.swift */ = {isa = PBXFileReference; lastKnownFileType = sourcecode.swift; path = FirestoreRepresentable.swift; sourceTree = "<group>"; };
		110B3CEE242062C300840C4E /* Powerup+FirestoreRepresentable.swift */ = {isa = PBXFileReference; lastKnownFileType = sourcecode.swift; path = "Powerup+FirestoreRepresentable.swift"; sourceTree = "<group>"; };
		110B3CF024206C4A00840C4E /* PlayerGameState.swift */ = {isa = PBXFileReference; lastKnownFileType = sourcecode.swift; path = PlayerGameState.swift; sourceTree = "<group>"; };
		111D2EF42418C8BA0083373C /* UserStoreError.swift */ = {isa = PBXFileReference; lastKnownFileType = sourcecode.swift; path = UserStoreError.swift; sourceTree = "<group>"; };
		1127C5592415E18800A78AA0 /* GoogleService-Info.plist */ = {isa = PBXFileReference; fileEncoding = 4; lastKnownFileType = text.plist.xml; path = "GoogleService-Info.plist"; sourceTree = "<group>"; };
		1127C55F2415E34F00A78AA0 /* AppCoordinator.swift */ = {isa = PBXFileReference; lastKnownFileType = sourcecode.swift; path = AppCoordinator.swift; sourceTree = "<group>"; };
		1127C5632415E3AE00A78AA0 /* Coordinator.swift */ = {isa = PBXFileReference; lastKnownFileType = sourcecode.swift; path = Coordinator.swift; sourceTree = "<group>"; };
		1127C5662415E47500A78AA0 /* Navigator.swift */ = {isa = PBXFileReference; lastKnownFileType = sourcecode.swift; path = Navigator.swift; sourceTree = "<group>"; };
		1127C5692415E4B400A78AA0 /* NavigatorTransitionType.swift */ = {isa = PBXFileReference; lastKnownFileType = sourcecode.swift; path = NavigatorTransitionType.swift; sourceTree = "<group>"; };
		1127C56B2415E55A00A78AA0 /* HomeCoordinator.swift */ = {isa = PBXFileReference; lastKnownFileType = sourcecode.swift; path = HomeCoordinator.swift; sourceTree = "<group>"; };
		1127C56D2415E58400A78AA0 /* HomeViewModel.swift */ = {isa = PBXFileReference; lastKnownFileType = sourcecode.swift; path = HomeViewModel.swift; sourceTree = "<group>"; };
		1127C56F2415E5C400A78AA0 /* HomeViewController.swift */ = {isa = PBXFileReference; lastKnownFileType = sourcecode.swift; path = HomeViewController.swift; sourceTree = "<group>"; };
		1127C5732415EA5200A78AA0 /* Nameable.swift */ = {isa = PBXFileReference; lastKnownFileType = sourcecode.swift; path = Nameable.swift; sourceTree = "<group>"; };
		1127C5762415EAA500A78AA0 /* UIViewController+Nameable.swift */ = {isa = PBXFileReference; lastKnownFileType = sourcecode.swift; path = "UIViewController+Nameable.swift"; sourceTree = "<group>"; };
		1127C5782415EE2000A78AA0 /* .swiftlint.yml */ = {isa = PBXFileReference; fileEncoding = 4; lastKnownFileType = text.yaml; path = .swiftlint.yml; sourceTree = "<group>"; };
		1127C57B2415F80B00A78AA0 /* HomeViewController.xib */ = {isa = PBXFileReference; lastKnownFileType = file.xib; path = HomeViewController.xib; sourceTree = "<group>"; };
		1127C57D2415FBA200A78AA0 /* AuthViewModel.swift */ = {isa = PBXFileReference; lastKnownFileType = sourcecode.swift; path = AuthViewModel.swift; sourceTree = "<group>"; };
		1127C57F2415FBAC00A78AA0 /* AuthViewController.swift */ = {isa = PBXFileReference; lastKnownFileType = sourcecode.swift; path = AuthViewController.swift; sourceTree = "<group>"; };
		1127C5812415FBBD00A78AA0 /* AuthCoordinator.swift */ = {isa = PBXFileReference; lastKnownFileType = sourcecode.swift; path = AuthCoordinator.swift; sourceTree = "<group>"; };
		1127C585241606CD00A78AA0 /* AuthViewController.xib */ = {isa = PBXFileReference; lastKnownFileType = file.xib; path = AuthViewController.xib; sourceTree = "<group>"; };
		1127C58924161B6400A78AA0 /* UIViewController+ErrorToaster.swift */ = {isa = PBXFileReference; lastKnownFileType = sourcecode.swift; path = "UIViewController+ErrorToaster.swift"; sourceTree = "<group>"; };
		1127C58B24161B9500A78AA0 /* UILabel+DynamicHeight.swift */ = {isa = PBXFileReference; lastKnownFileType = sourcecode.swift; path = "UILabel+DynamicHeight.swift"; sourceTree = "<group>"; };
		117BA3232418EDE7001089D1 /* UIViewController+ActivityIndicator.swift */ = {isa = PBXFileReference; lastKnownFileType = sourcecode.swift; path = "UIViewController+ActivityIndicator.swift"; sourceTree = "<group>"; };
		117BA3262418F1E7001089D1 /* UIColor+FromHex.swift */ = {isa = PBXFileReference; lastKnownFileType = sourcecode.swift; path = "UIColor+FromHex.swift"; sourceTree = "<group>"; };
		119C540F24164AFE00F27D87 /* User.swift */ = {isa = PBXFileReference; lastKnownFileType = sourcecode.swift; path = User.swift; sourceTree = "<group>"; };
		119C54172416646E00F27D87 /* UserStore.swift */ = {isa = PBXFileReference; lastKnownFileType = sourcecode.swift; path = UserStore.swift; sourceTree = "<group>"; };
		119C54192416654900F27D87 /* API.swift */ = {isa = PBXFileReference; lastKnownFileType = sourcecode.swift; path = API.swift; sourceTree = "<group>"; };
		119C541B2416704800F27D87 /* FirestoreModel.swift */ = {isa = PBXFileReference; lastKnownFileType = sourcecode.swift; path = FirestoreModel.swift; sourceTree = "<group>"; };
		119C541D2416709300F27D87 /* FirestoreModelData.swift */ = {isa = PBXFileReference; lastKnownFileType = sourcecode.swift; path = FirestoreModelData.swift; sourceTree = "<group>"; };
		119C5420241691DF00F27D87 /* DocumentReference.swift */ = {isa = PBXFileReference; lastKnownFileType = sourcecode.swift; path = DocumentReference.swift; sourceTree = "<group>"; };
		119C5422241691EF00F27D87 /* Query.swift */ = {isa = PBXFileReference; lastKnownFileType = sourcecode.swift; path = Query.swift; sourceTree = "<group>"; };
		119C54282418768A00F27D87 /* User+FirestoreModel.swift */ = {isa = PBXFileReference; lastKnownFileType = sourcecode.swift; path = "User+FirestoreModel.swift"; sourceTree = "<group>"; };
		37EDB2C81BBB678BF9D36AFA /* Pods_Hookies.framework */ = {isa = PBXFileReference; explicitFileType = wrapper.framework; includeInIndex = 0; path = Pods_Hookies.framework; sourceTree = BUILT_PRODUCTS_DIR; };
		7880071A2413F37100F43B71 /* Hookies.app */ = {isa = PBXFileReference; explicitFileType = wrapper.application; includeInIndex = 0; path = Hookies.app; sourceTree = BUILT_PRODUCTS_DIR; };
		7880071D2413F37100F43B71 /* AppDelegate.swift */ = {isa = PBXFileReference; lastKnownFileType = sourcecode.swift; path = AppDelegate.swift; sourceTree = "<group>"; };
		7880071F2413F37100F43B71 /* GameScene.sks */ = {isa = PBXFileReference; lastKnownFileType = file.sks; path = GameScene.sks; sourceTree = "<group>"; };
		788007212413F37100F43B71 /* Actions.sks */ = {isa = PBXFileReference; lastKnownFileType = file.sks; path = Actions.sks; sourceTree = "<group>"; };
		788007232413F37100F43B71 /* GameScene.swift */ = {isa = PBXFileReference; lastKnownFileType = sourcecode.swift; path = GameScene.swift; sourceTree = "<group>"; };
		788007282413F37100F43B71 /* Base */ = {isa = PBXFileReference; lastKnownFileType = file.storyboard; name = Base; path = Base.lproj/Main.storyboard; sourceTree = "<group>"; };
		7880072A2413F37400F43B71 /* Assets.xcassets */ = {isa = PBXFileReference; lastKnownFileType = folder.assetcatalog; path = Assets.xcassets; sourceTree = "<group>"; };
		7880072D2413F37400F43B71 /* Base */ = {isa = PBXFileReference; lastKnownFileType = file.storyboard; name = Base; path = Base.lproj/LaunchScreen.storyboard; sourceTree = "<group>"; };
		7880072F2413F37400F43B71 /* Info.plist */ = {isa = PBXFileReference; lastKnownFileType = text.plist.xml; path = Info.plist; sourceTree = "<group>"; };
		788007342413F37500F43B71 /* HookiesTests.xctest */ = {isa = PBXFileReference; explicitFileType = wrapper.cfbundle; includeInIndex = 0; path = HookiesTests.xctest; sourceTree = BUILT_PRODUCTS_DIR; };
		788007382413F37500F43B71 /* HookiesTests.swift */ = {isa = PBXFileReference; lastKnownFileType = sourcecode.swift; path = HookiesTests.swift; sourceTree = "<group>"; };
		7880073A2413F37500F43B71 /* Info.plist */ = {isa = PBXFileReference; lastKnownFileType = text.plist.xml; path = Info.plist; sourceTree = "<group>"; };
		7880073F2413F37500F43B71 /* HookiesUITests.xctest */ = {isa = PBXFileReference; explicitFileType = wrapper.cfbundle; includeInIndex = 0; path = HookiesUITests.xctest; sourceTree = BUILT_PRODUCTS_DIR; };
		788007432413F37500F43B71 /* HookiesUITests.swift */ = {isa = PBXFileReference; lastKnownFileType = sourcecode.swift; path = HookiesUITests.swift; sourceTree = "<group>"; };
		788007452413F37500F43B71 /* Info.plist */ = {isa = PBXFileReference; lastKnownFileType = text.plist.xml; path = Info.plist; sourceTree = "<group>"; };
		C364F01FF1FB9428E5874C6B /* Pods-Hookies.release.xcconfig */ = {isa = PBXFileReference; includeInIndex = 1; lastKnownFileType = text.xcconfig; name = "Pods-Hookies.release.xcconfig"; path = "Target Support Files/Pods-Hookies/Pods-Hookies.release.xcconfig"; sourceTree = "<group>"; };
		E4BD33A3262713B50F5A8AF8 /* Pods-Hookies.debug.xcconfig */ = {isa = PBXFileReference; includeInIndex = 1; lastKnownFileType = text.xcconfig; name = "Pods-Hookies.debug.xcconfig"; path = "Target Support Files/Pods-Hookies/Pods-Hookies.debug.xcconfig"; sourceTree = "<group>"; };
/* End PBXFileReference section */

/* Begin PBXFrameworksBuildPhase section */
		788007172413F37100F43B71 /* Frameworks */ = {
			isa = PBXFrameworksBuildPhase;
			buildActionMask = 2147483647;
			files = (
				8EFAA52240503BF1D2690C48 /* Pods_Hookies.framework in Frameworks */,
			);
			runOnlyForDeploymentPostprocessing = 0;
		};
		788007312413F37500F43B71 /* Frameworks */ = {
			isa = PBXFrameworksBuildPhase;
			buildActionMask = 2147483647;
			files = (
			);
			runOnlyForDeploymentPostprocessing = 0;
		};
		7880073C2413F37500F43B71 /* Frameworks */ = {
			isa = PBXFrameworksBuildPhase;
			buildActionMask = 2147483647;
			files = (
			);
			runOnlyForDeploymentPostprocessing = 0;
		};
/* End PBXFrameworksBuildPhase section */

/* Begin PBXGroup section */
		0D11E04A2253E26F9B991E66 /* Frameworks */ = {
			isa = PBXGroup;
			children = (
				37EDB2C81BBB678BF9D36AFA /* Pods_Hookies.framework */,
			);
			name = Frameworks;
			sourceTree = "<group>";
		};
		111D2EF32418C89B0083373C /* Exceptions */ = {
			isa = PBXGroup;
			children = (
				111D2EF42418C8BA0083373C /* UserStoreError.swift */,
			);
			path = Exceptions;
			sourceTree = "<group>";
		};
		1127C5572415DAA900A78AA0 /* Shared */ = {
			isa = PBXGroup;
			children = (
				1127C5582415DAB800A78AA0 /* API */,
			);
			path = Shared;
			sourceTree = "<group>";
		};
		1127C5582415DAB800A78AA0 /* API */ = {
			isa = PBXGroup;
			children = (
				111D2EF32418C89B0083373C /* Exceptions */,
				119C54272418766100F27D87 /* Extensions */,
				119C541F24168C9D00F27D87 /* AdapterModels */,
				119C54172416646E00F27D87 /* UserStore.swift */,
				110B3CE6241F45D900840C4E /* GameplayStore.swift */,
				119C54192416654900F27D87 /* API.swift */,
			);
			path = API;
			sourceTree = "<group>";
		};
		1127C55B2415E2BD00A78AA0 /* Contexts */ = {
			isa = PBXGroup;
			children = (
				1127C55D2415E2E800A78AA0 /* Auth */,
				1127C55C2415E2E100A78AA0 /* Home */,
			);
			path = Contexts;
			sourceTree = "<group>";
		};
		1127C55C2415E2E100A78AA0 /* Home */ = {
			isa = PBXGroup;
			children = (
				788007232413F37100F43B71 /* GameScene.swift */,
				1127C56B2415E55A00A78AA0 /* HomeCoordinator.swift */,
				1127C56D2415E58400A78AA0 /* HomeViewModel.swift */,
				1127C56F2415E5C400A78AA0 /* HomeViewController.swift */,
				1127C57B2415F80B00A78AA0 /* HomeViewController.xib */,
			);
			path = Home;
			sourceTree = "<group>";
		};
		1127C55D2415E2E800A78AA0 /* Auth */ = {
			isa = PBXGroup;
			children = (
				1127C5812415FBBD00A78AA0 /* AuthCoordinator.swift */,
				1127C57D2415FBA200A78AA0 /* AuthViewModel.swift */,
				1127C57F2415FBAC00A78AA0 /* AuthViewController.swift */,
				1127C585241606CD00A78AA0 /* AuthViewController.xib */,
			);
			path = Auth;
			sourceTree = "<group>";
		};
		1127C55E2415E32E00A78AA0 /* App */ = {
			isa = PBXGroup;
			children = (
				7880071D2413F37100F43B71 /* AppDelegate.swift */,
				1127C55F2415E34F00A78AA0 /* AppCoordinator.swift */,
			);
			path = App;
			sourceTree = "<group>";
		};
		1127C5612415E38100A78AA0 /* Classes */ = {
			isa = PBXGroup;
			children = (
				1127C5752415EA9300A78AA0 /* Extensions */,
				1127C5682415E49800A78AA0 /* Enumerations */,
				1127C5652415E45400A78AA0 /* Handlers */,
				1127C5622415E39E00A78AA0 /* Protocols */,
			);
			path = Classes;
			sourceTree = "<group>";
		};
		1127C5622415E39E00A78AA0 /* Protocols */ = {
			isa = PBXGroup;
			children = (
				1127C5632415E3AE00A78AA0 /* Coordinator.swift */,
				1127C5732415EA5200A78AA0 /* Nameable.swift */,
			);
			path = Protocols;
			sourceTree = "<group>";
		};
		1127C5652415E45400A78AA0 /* Handlers */ = {
			isa = PBXGroup;
			children = (
				1127C5662415E47500A78AA0 /* Navigator.swift */,
			);
			path = Handlers;
			sourceTree = "<group>";
		};
		1127C5682415E49800A78AA0 /* Enumerations */ = {
			isa = PBXGroup;
			children = (
				1127C5692415E4B400A78AA0 /* NavigatorTransitionType.swift */,
			);
			path = Enumerations;
			sourceTree = "<group>";
		};
		1127C5752415EA9300A78AA0 /* Extensions */ = {
			isa = PBXGroup;
			children = (
				117BA3252418F1D8001089D1 /* UIColor */,
				117BA3222418EC08001089D1 /* UILabel */,
				117BA3212418EBF7001089D1 /* UIViewController */,
			);
			path = Extensions;
			sourceTree = "<group>";
		};
		1127C5832415FFAA00A78AA0 /* Models */ = {
			isa = PBXGroup;
			children = (
				119C540F24164AFE00F27D87 /* User.swift */,
				110B3CDC241F3CD200840C4E /* Gameplay.swift */,
				110B3CDE241F3DAE00840C4E /* Vector.swift */,
				110B3CE0241F3EC000840C4E /* Powerup.swift */,
				110B3CF024206C4A00840C4E /* PlayerGameState.swift */,
			);
			path = Models;
			sourceTree = "<group>";
		};
		117BA3212418EBF7001089D1 /* UIViewController */ = {
			isa = PBXGroup;
			children = (
				1127C58924161B6400A78AA0 /* UIViewController+ErrorToaster.swift */,
				1127C5762415EAA500A78AA0 /* UIViewController+Nameable.swift */,
				117BA3232418EDE7001089D1 /* UIViewController+ActivityIndicator.swift */,
			);
			path = UIViewController;
			sourceTree = "<group>";
		};
		117BA3222418EC08001089D1 /* UILabel */ = {
			isa = PBXGroup;
			children = (
				1127C58B24161B9500A78AA0 /* UILabel+DynamicHeight.swift */,
			);
			path = UILabel;
			sourceTree = "<group>";
		};
		117BA3252418F1D8001089D1 /* UIColor */ = {
			isa = PBXGroup;
			children = (
				117BA3262418F1E7001089D1 /* UIColor+FromHex.swift */,
			);
			path = UIColor;
			sourceTree = "<group>";
		};
		119C541F24168C9D00F27D87 /* AdapterModels */ = {
			isa = PBXGroup;
			children = (
				110B3CEC2420605600840C4E /* FirestoreRepresentable.swift */,
				119C541B2416704800F27D87 /* FirestoreModel.swift */,
				119C541D2416709300F27D87 /* FirestoreModelData.swift */,
				119C54282418768A00F27D87 /* User+FirestoreModel.swift */,
				110B3CE4241F431700840C4E /* Gameplay+FirestoreModel.swift */,
				110B3CEA241F655500840C4E /* PlayerGameState+FirestoreModel.swift */,
				110B3CEE242062C300840C4E /* Powerup+FirestoreRepresentable.swift */,
			);
			path = AdapterModels;
			sourceTree = "<group>";
		};
		119C54272418766100F27D87 /* Extensions */ = {
			isa = PBXGroup;
			children = (
				119C5420241691DF00F27D87 /* DocumentReference.swift */,
				119C5422241691EF00F27D87 /* Query.swift */,
			);
			path = Extensions;
			sourceTree = "<group>";
		};
		74506FEAC88EC4570C7397CB /* Pods */ = {
			isa = PBXGroup;
			children = (
				E4BD33A3262713B50F5A8AF8 /* Pods-Hookies.debug.xcconfig */,
				C364F01FF1FB9428E5874C6B /* Pods-Hookies.release.xcconfig */,
			);
			path = Pods;
			sourceTree = "<group>";
		};
		788007112413F37100F43B71 = {
			isa = PBXGroup;
			children = (
				1127C5782415EE2000A78AA0 /* .swiftlint.yml */,
				7880071C2413F37100F43B71 /* Hookies */,
				788007372413F37500F43B71 /* HookiesTests */,
				788007422413F37500F43B71 /* HookiesUITests */,
				7880071B2413F37100F43B71 /* Products */,
				74506FEAC88EC4570C7397CB /* Pods */,
				0D11E04A2253E26F9B991E66 /* Frameworks */,
			);
			sourceTree = "<group>";
		};
		7880071B2413F37100F43B71 /* Products */ = {
			isa = PBXGroup;
			children = (
				7880071A2413F37100F43B71 /* Hookies.app */,
				788007342413F37500F43B71 /* HookiesTests.xctest */,
				7880073F2413F37500F43B71 /* HookiesUITests.xctest */,
			);
			name = Products;
			sourceTree = "<group>";
		};
		7880071C2413F37100F43B71 /* Hookies */ = {
			isa = PBXGroup;
			children = (
				1127C5572415DAA900A78AA0 /* Shared */,
				1127C55E2415E32E00A78AA0 /* App */,
				1127C5612415E38100A78AA0 /* Classes */,
				1127C55B2415E2BD00A78AA0 /* Contexts */,
				1127C5832415FFAA00A78AA0 /* Models */,
				7880071F2413F37100F43B71 /* GameScene.sks */,
				788007212413F37100F43B71 /* Actions.sks */,
				788007272413F37100F43B71 /* Main.storyboard */,
				7880072A2413F37400F43B71 /* Assets.xcassets */,
				7880072C2413F37400F43B71 /* LaunchScreen.storyboard */,
				1127C5592415E18800A78AA0 /* GoogleService-Info.plist */,
				7880072F2413F37400F43B71 /* Info.plist */,
			);
			path = Hookies;
			sourceTree = "<group>";
		};
		788007372413F37500F43B71 /* HookiesTests */ = {
			isa = PBXGroup;
			children = (
				788007382413F37500F43B71 /* HookiesTests.swift */,
				7880073A2413F37500F43B71 /* Info.plist */,
			);
			path = HookiesTests;
			sourceTree = "<group>";
		};
		788007422413F37500F43B71 /* HookiesUITests */ = {
			isa = PBXGroup;
			children = (
				788007432413F37500F43B71 /* HookiesUITests.swift */,
				788007452413F37500F43B71 /* Info.plist */,
			);
			path = HookiesUITests;
			sourceTree = "<group>";
		};
/* End PBXGroup section */

/* Begin PBXNativeTarget section */
		788007192413F37100F43B71 /* Hookies */ = {
			isa = PBXNativeTarget;
			buildConfigurationList = 788007482413F37500F43B71 /* Build configuration list for PBXNativeTarget "Hookies" */;
			buildPhases = (
				328830B91F25EC09414D25A4 /* [CP] Check Pods Manifest.lock */,
				788007162413F37100F43B71 /* Sources */,
				788007172413F37100F43B71 /* Frameworks */,
				788007182413F37100F43B71 /* Resources */,
				5CEAE3EAA6394A8F152F55D3 /* [CP] Embed Pods Frameworks */,
				1127C57A2415EE8A00A78AA0 /* ShellScript */,
				A0F85D06529C6B21E2AD5765 /* [CP] Copy Pods Resources */,
			);
			buildRules = (
			);
			dependencies = (
			);
			name = Hookies;
			productName = Hookies;
			productReference = 7880071A2413F37100F43B71 /* Hookies.app */;
			productType = "com.apple.product-type.application";
		};
		788007332413F37500F43B71 /* HookiesTests */ = {
			isa = PBXNativeTarget;
			buildConfigurationList = 7880074B2413F37500F43B71 /* Build configuration list for PBXNativeTarget "HookiesTests" */;
			buildPhases = (
				788007302413F37500F43B71 /* Sources */,
				788007312413F37500F43B71 /* Frameworks */,
				788007322413F37500F43B71 /* Resources */,
			);
			buildRules = (
			);
			dependencies = (
				788007362413F37500F43B71 /* PBXTargetDependency */,
			);
			name = HookiesTests;
			productName = HookiesTests;
			productReference = 788007342413F37500F43B71 /* HookiesTests.xctest */;
			productType = "com.apple.product-type.bundle.unit-test";
		};
		7880073E2413F37500F43B71 /* HookiesUITests */ = {
			isa = PBXNativeTarget;
			buildConfigurationList = 7880074E2413F37500F43B71 /* Build configuration list for PBXNativeTarget "HookiesUITests" */;
			buildPhases = (
				7880073B2413F37500F43B71 /* Sources */,
				7880073C2413F37500F43B71 /* Frameworks */,
				7880073D2413F37500F43B71 /* Resources */,
			);
			buildRules = (
			);
			dependencies = (
				788007412413F37500F43B71 /* PBXTargetDependency */,
			);
			name = HookiesUITests;
			productName = HookiesUITests;
			productReference = 7880073F2413F37500F43B71 /* HookiesUITests.xctest */;
			productType = "com.apple.product-type.bundle.ui-testing";
		};
/* End PBXNativeTarget section */

/* Begin PBXProject section */
		788007122413F37100F43B71 /* Project object */ = {
			isa = PBXProject;
			attributes = {
				LastSwiftUpdateCheck = 1130;
				LastUpgradeCheck = 1130;
				ORGANIZATIONNAME = Hookies;
				TargetAttributes = {
					788007192413F37100F43B71 = {
						CreatedOnToolsVersion = 11.3;
					};
					788007332413F37500F43B71 = {
						CreatedOnToolsVersion = 11.3;
						TestTargetID = 788007192413F37100F43B71;
					};
					7880073E2413F37500F43B71 = {
						CreatedOnToolsVersion = 11.3;
						TestTargetID = 788007192413F37100F43B71;
					};
				};
			};
			buildConfigurationList = 788007152413F37100F43B71 /* Build configuration list for PBXProject "Hookies" */;
			compatibilityVersion = "Xcode 9.3";
			developmentRegion = en;
			hasScannedForEncodings = 0;
			knownRegions = (
				en,
				Base,
			);
			mainGroup = 788007112413F37100F43B71;
			productRefGroup = 7880071B2413F37100F43B71 /* Products */;
			projectDirPath = "";
			projectRoot = "";
			targets = (
				788007192413F37100F43B71 /* Hookies */,
				788007332413F37500F43B71 /* HookiesTests */,
				7880073E2413F37500F43B71 /* HookiesUITests */,
			);
		};
/* End PBXProject section */

/* Begin PBXResourcesBuildPhase section */
		788007182413F37100F43B71 /* Resources */ = {
			isa = PBXResourcesBuildPhase;
			buildActionMask = 2147483647;
			files = (
				788007292413F37100F43B71 /* Main.storyboard in Resources */,
				788007202413F37100F43B71 /* GameScene.sks in Resources */,
				7880072B2413F37400F43B71 /* Assets.xcassets in Resources */,
				1127C5792415EE2000A78AA0 /* .swiftlint.yml in Resources */,
				7880072E2413F37400F43B71 /* LaunchScreen.storyboard in Resources */,
				788007222413F37100F43B71 /* Actions.sks in Resources */,
				1127C55A2415E18800A78AA0 /* GoogleService-Info.plist in Resources */,
				1127C586241606CD00A78AA0 /* AuthViewController.xib in Resources */,
				1127C57C2415F80B00A78AA0 /* HomeViewController.xib in Resources */,
			);
			runOnlyForDeploymentPostprocessing = 0;
		};
		788007322413F37500F43B71 /* Resources */ = {
			isa = PBXResourcesBuildPhase;
			buildActionMask = 2147483647;
			files = (
			);
			runOnlyForDeploymentPostprocessing = 0;
		};
		7880073D2413F37500F43B71 /* Resources */ = {
			isa = PBXResourcesBuildPhase;
			buildActionMask = 2147483647;
			files = (
			);
			runOnlyForDeploymentPostprocessing = 0;
		};
/* End PBXResourcesBuildPhase section */

/* Begin PBXShellScriptBuildPhase section */
		1127C57A2415EE8A00A78AA0 /* ShellScript */ = {
			isa = PBXShellScriptBuildPhase;
			buildActionMask = 2147483647;
			files = (
			);
			inputFileListPaths = (
			);
			inputPaths = (
			);
			outputFileListPaths = (
			);
			outputPaths = (
			);
			runOnlyForDeploymentPostprocessing = 0;
			shellPath = /bin/sh;
			shellScript = "# Type a script or drag a script file from your workspace to insert its path.\nif which swiftlint >/dev/null; then\n  swiftlint\nelse\n  echo \"warning: SwiftLint not installed, download from https://github.com/realm/SwiftLint\"\nfi\n";
		};
		328830B91F25EC09414D25A4 /* [CP] Check Pods Manifest.lock */ = {
			isa = PBXShellScriptBuildPhase;
			buildActionMask = 2147483647;
			files = (
			);
			inputFileListPaths = (
			);
			inputPaths = (
				"${PODS_PODFILE_DIR_PATH}/Podfile.lock",
				"${PODS_ROOT}/Manifest.lock",
			);
			name = "[CP] Check Pods Manifest.lock";
			outputFileListPaths = (
			);
			outputPaths = (
				"$(DERIVED_FILE_DIR)/Pods-Hookies-checkManifestLockResult.txt",
			);
			runOnlyForDeploymentPostprocessing = 0;
			shellPath = /bin/sh;
			shellScript = "diff \"${PODS_PODFILE_DIR_PATH}/Podfile.lock\" \"${PODS_ROOT}/Manifest.lock\" > /dev/null\nif [ $? != 0 ] ; then\n    # print error to STDERR\n    echo \"error: The sandbox is not in sync with the Podfile.lock. Run 'pod install' or update your CocoaPods installation.\" >&2\n    exit 1\nfi\n# This output is used by Xcode 'outputs' to avoid re-running this script phase.\necho \"SUCCESS\" > \"${SCRIPT_OUTPUT_FILE_0}\"\n";
			showEnvVarsInLog = 0;
		};
		5CEAE3EAA6394A8F152F55D3 /* [CP] Embed Pods Frameworks */ = {
			isa = PBXShellScriptBuildPhase;
			buildActionMask = 2147483647;
			files = (
			);
			inputFileListPaths = (
				"${PODS_ROOT}/Target Support Files/Pods-Hookies/Pods-Hookies-frameworks-${CONFIGURATION}-input-files.xcfilelist",
			);
			name = "[CP] Embed Pods Frameworks";
			outputFileListPaths = (
				"${PODS_ROOT}/Target Support Files/Pods-Hookies/Pods-Hookies-frameworks-${CONFIGURATION}-output-files.xcfilelist",
			);
			runOnlyForDeploymentPostprocessing = 0;
			shellPath = /bin/sh;
			shellScript = "\"${PODS_ROOT}/Target Support Files/Pods-Hookies/Pods-Hookies-frameworks.sh\"\n";
			showEnvVarsInLog = 0;
		};
		A0F85D06529C6B21E2AD5765 /* [CP] Copy Pods Resources */ = {
			isa = PBXShellScriptBuildPhase;
			buildActionMask = 2147483647;
			files = (
			);
			inputFileListPaths = (
				"${PODS_ROOT}/Target Support Files/Pods-Hookies/Pods-Hookies-resources-${CONFIGURATION}-input-files.xcfilelist",
			);
			name = "[CP] Copy Pods Resources";
			outputFileListPaths = (
				"${PODS_ROOT}/Target Support Files/Pods-Hookies/Pods-Hookies-resources-${CONFIGURATION}-output-files.xcfilelist",
			);
			runOnlyForDeploymentPostprocessing = 0;
			shellPath = /bin/sh;
			shellScript = "\"${PODS_ROOT}/Target Support Files/Pods-Hookies/Pods-Hookies-resources.sh\"\n";
			showEnvVarsInLog = 0;
		};
/* End PBXShellScriptBuildPhase section */

/* Begin PBXSourcesBuildPhase section */
		788007162413F37100F43B71 /* Sources */ = {
			isa = PBXSourcesBuildPhase;
			buildActionMask = 2147483647;
			files = (
				110B3CE1241F3EC000840C4E /* Powerup.swift in Sources */,
				119C54292418768A00F27D87 /* User+FirestoreModel.swift in Sources */,
				1127C5802415FBAC00A78AA0 /* AuthViewController.swift in Sources */,
				1127C5602415E34F00A78AA0 /* AppCoordinator.swift in Sources */,
				1127C58A24161B6400A78AA0 /* UIViewController+ErrorToaster.swift in Sources */,
				1127C5742415EA5200A78AA0 /* Nameable.swift in Sources */,
				1127C56E2415E58400A78AA0 /* HomeViewModel.swift in Sources */,
				119C5423241691EF00F27D87 /* Query.swift in Sources */,
				110B3CF124206C4A00840C4E /* PlayerGameState.swift in Sources */,
				1127C5822415FBBD00A78AA0 /* AuthCoordinator.swift in Sources */,
				119C541E2416709300F27D87 /* FirestoreModelData.swift in Sources */,
				117BA3242418EDE7001089D1 /* UIViewController+ActivityIndicator.swift in Sources */,
				110B3CDD241F3CD200840C4E /* Gameplay.swift in Sources */,
				1127C5772415EAA500A78AA0 /* UIViewController+Nameable.swift in Sources */,
				119C54182416646E00F27D87 /* UserStore.swift in Sources */,
				1127C57E2415FBA200A78AA0 /* AuthViewModel.swift in Sources */,
				788007242413F37100F43B71 /* GameScene.swift in Sources */,
				1127C5642415E3AE00A78AA0 /* Coordinator.swift in Sources */,
				119C541A2416654900F27D87 /* API.swift in Sources */,
				110B3CEB241F655500840C4E /* PlayerGameState+FirestoreModel.swift in Sources */,
				1127C5702415E5C400A78AA0 /* HomeViewController.swift in Sources */,
				111D2EF52418C8BA0083373C /* UserStoreError.swift in Sources */,
				1127C58C24161B9500A78AA0 /* UILabel+DynamicHeight.swift in Sources */,
				110B3CE7241F45D900840C4E /* GameplayStore.swift in Sources */,
				119C5421241691DF00F27D87 /* DocumentReference.swift in Sources */,
				110B3CED2420605600840C4E /* FirestoreRepresentable.swift in Sources */,
				110B3CDF241F3DAE00840C4E /* Vector.swift in Sources */,
				110B3CEF242062C300840C4E /* Powerup+FirestoreRepresentable.swift in Sources */,
				119C541C2416704800F27D87 /* FirestoreModel.swift in Sources */,
				7880071E2413F37100F43B71 /* AppDelegate.swift in Sources */,
				1127C56C2415E55A00A78AA0 /* HomeCoordinator.swift in Sources */,
				1127C5672415E47500A78AA0 /* Navigator.swift in Sources */,
				1127C56A2415E4B400A78AA0 /* NavigatorTransitionType.swift in Sources */,
				110B3CE5241F431700840C4E /* Gameplay+FirestoreModel.swift in Sources */,
				119C541024164AFE00F27D87 /* User.swift in Sources */,
				117BA3272418F1E7001089D1 /* UIColor+FromHex.swift in Sources */,
			);
			runOnlyForDeploymentPostprocessing = 0;
		};
		788007302413F37500F43B71 /* Sources */ = {
			isa = PBXSourcesBuildPhase;
			buildActionMask = 2147483647;
			files = (
				788007392413F37500F43B71 /* HookiesTests.swift in Sources */,
			);
			runOnlyForDeploymentPostprocessing = 0;
		};
		7880073B2413F37500F43B71 /* Sources */ = {
			isa = PBXSourcesBuildPhase;
			buildActionMask = 2147483647;
			files = (
				788007442413F37500F43B71 /* HookiesUITests.swift in Sources */,
			);
			runOnlyForDeploymentPostprocessing = 0;
		};
/* End PBXSourcesBuildPhase section */

/* Begin PBXTargetDependency section */
		788007362413F37500F43B71 /* PBXTargetDependency */ = {
			isa = PBXTargetDependency;
			target = 788007192413F37100F43B71 /* Hookies */;
			targetProxy = 788007352413F37500F43B71 /* PBXContainerItemProxy */;
		};
		788007412413F37500F43B71 /* PBXTargetDependency */ = {
			isa = PBXTargetDependency;
			target = 788007192413F37100F43B71 /* Hookies */;
			targetProxy = 788007402413F37500F43B71 /* PBXContainerItemProxy */;
		};
/* End PBXTargetDependency section */

/* Begin PBXVariantGroup section */
		788007272413F37100F43B71 /* Main.storyboard */ = {
			isa = PBXVariantGroup;
			children = (
				788007282413F37100F43B71 /* Base */,
			);
			name = Main.storyboard;
			sourceTree = "<group>";
		};
		7880072C2413F37400F43B71 /* LaunchScreen.storyboard */ = {
			isa = PBXVariantGroup;
			children = (
				7880072D2413F37400F43B71 /* Base */,
			);
			name = LaunchScreen.storyboard;
			sourceTree = "<group>";
		};
/* End PBXVariantGroup section */

/* Begin XCBuildConfiguration section */
		788007462413F37500F43B71 /* Debug */ = {
			isa = XCBuildConfiguration;
			buildSettings = {
				ALWAYS_SEARCH_USER_PATHS = NO;
				CLANG_ANALYZER_NONNULL = YES;
				CLANG_ANALYZER_NUMBER_OBJECT_CONVERSION = YES_AGGRESSIVE;
				CLANG_CXX_LANGUAGE_STANDARD = "gnu++14";
				CLANG_CXX_LIBRARY = "libc++";
				CLANG_ENABLE_MODULES = YES;
				CLANG_ENABLE_OBJC_ARC = YES;
				CLANG_ENABLE_OBJC_WEAK = YES;
				CLANG_WARN_BLOCK_CAPTURE_AUTORELEASING = YES;
				CLANG_WARN_BOOL_CONVERSION = YES;
				CLANG_WARN_COMMA = YES;
				CLANG_WARN_CONSTANT_CONVERSION = YES;
				CLANG_WARN_DEPRECATED_OBJC_IMPLEMENTATIONS = YES;
				CLANG_WARN_DIRECT_OBJC_ISA_USAGE = YES_ERROR;
				CLANG_WARN_DOCUMENTATION_COMMENTS = YES;
				CLANG_WARN_EMPTY_BODY = YES;
				CLANG_WARN_ENUM_CONVERSION = YES;
				CLANG_WARN_INFINITE_RECURSION = YES;
				CLANG_WARN_INT_CONVERSION = YES;
				CLANG_WARN_NON_LITERAL_NULL_CONVERSION = YES;
				CLANG_WARN_OBJC_IMPLICIT_RETAIN_SELF = YES;
				CLANG_WARN_OBJC_LITERAL_CONVERSION = YES;
				CLANG_WARN_OBJC_ROOT_CLASS = YES_ERROR;
				CLANG_WARN_RANGE_LOOP_ANALYSIS = YES;
				CLANG_WARN_STRICT_PROTOTYPES = YES;
				CLANG_WARN_SUSPICIOUS_MOVE = YES;
				CLANG_WARN_UNGUARDED_AVAILABILITY = YES_AGGRESSIVE;
				CLANG_WARN_UNREACHABLE_CODE = YES;
				CLANG_WARN__DUPLICATE_METHOD_MATCH = YES;
				COPY_PHASE_STRIP = NO;
				DEBUG_INFORMATION_FORMAT = dwarf;
				ENABLE_STRICT_OBJC_MSGSEND = YES;
				ENABLE_TESTABILITY = YES;
				GCC_C_LANGUAGE_STANDARD = gnu11;
				GCC_DYNAMIC_NO_PIC = NO;
				GCC_NO_COMMON_BLOCKS = YES;
				GCC_OPTIMIZATION_LEVEL = 0;
				GCC_PREPROCESSOR_DEFINITIONS = (
					"DEBUG=1",
					"$(inherited)",
				);
				GCC_WARN_64_TO_32_BIT_CONVERSION = YES;
				GCC_WARN_ABOUT_RETURN_TYPE = YES_ERROR;
				GCC_WARN_UNDECLARED_SELECTOR = YES;
				GCC_WARN_UNINITIALIZED_AUTOS = YES_AGGRESSIVE;
				GCC_WARN_UNUSED_FUNCTION = YES;
				GCC_WARN_UNUSED_VARIABLE = YES;
				IPHONEOS_DEPLOYMENT_TARGET = 13.2;
				MTL_ENABLE_DEBUG_INFO = INCLUDE_SOURCE;
				MTL_FAST_MATH = YES;
				ONLY_ACTIVE_ARCH = YES;
				SDKROOT = iphoneos;
				SWIFT_ACTIVE_COMPILATION_CONDITIONS = DEBUG;
				SWIFT_OPTIMIZATION_LEVEL = "-Onone";
			};
			name = Debug;
		};
		788007472413F37500F43B71 /* Release */ = {
			isa = XCBuildConfiguration;
			buildSettings = {
				ALWAYS_SEARCH_USER_PATHS = NO;
				CLANG_ANALYZER_NONNULL = YES;
				CLANG_ANALYZER_NUMBER_OBJECT_CONVERSION = YES_AGGRESSIVE;
				CLANG_CXX_LANGUAGE_STANDARD = "gnu++14";
				CLANG_CXX_LIBRARY = "libc++";
				CLANG_ENABLE_MODULES = YES;
				CLANG_ENABLE_OBJC_ARC = YES;
				CLANG_ENABLE_OBJC_WEAK = YES;
				CLANG_WARN_BLOCK_CAPTURE_AUTORELEASING = YES;
				CLANG_WARN_BOOL_CONVERSION = YES;
				CLANG_WARN_COMMA = YES;
				CLANG_WARN_CONSTANT_CONVERSION = YES;
				CLANG_WARN_DEPRECATED_OBJC_IMPLEMENTATIONS = YES;
				CLANG_WARN_DIRECT_OBJC_ISA_USAGE = YES_ERROR;
				CLANG_WARN_DOCUMENTATION_COMMENTS = YES;
				CLANG_WARN_EMPTY_BODY = YES;
				CLANG_WARN_ENUM_CONVERSION = YES;
				CLANG_WARN_INFINITE_RECURSION = YES;
				CLANG_WARN_INT_CONVERSION = YES;
				CLANG_WARN_NON_LITERAL_NULL_CONVERSION = YES;
				CLANG_WARN_OBJC_IMPLICIT_RETAIN_SELF = YES;
				CLANG_WARN_OBJC_LITERAL_CONVERSION = YES;
				CLANG_WARN_OBJC_ROOT_CLASS = YES_ERROR;
				CLANG_WARN_RANGE_LOOP_ANALYSIS = YES;
				CLANG_WARN_STRICT_PROTOTYPES = YES;
				CLANG_WARN_SUSPICIOUS_MOVE = YES;
				CLANG_WARN_UNGUARDED_AVAILABILITY = YES_AGGRESSIVE;
				CLANG_WARN_UNREACHABLE_CODE = YES;
				CLANG_WARN__DUPLICATE_METHOD_MATCH = YES;
				COPY_PHASE_STRIP = NO;
				DEBUG_INFORMATION_FORMAT = "dwarf-with-dsym";
				ENABLE_NS_ASSERTIONS = NO;
				ENABLE_STRICT_OBJC_MSGSEND = YES;
				GCC_C_LANGUAGE_STANDARD = gnu11;
				GCC_NO_COMMON_BLOCKS = YES;
				GCC_WARN_64_TO_32_BIT_CONVERSION = YES;
				GCC_WARN_ABOUT_RETURN_TYPE = YES_ERROR;
				GCC_WARN_UNDECLARED_SELECTOR = YES;
				GCC_WARN_UNINITIALIZED_AUTOS = YES_AGGRESSIVE;
				GCC_WARN_UNUSED_FUNCTION = YES;
				GCC_WARN_UNUSED_VARIABLE = YES;
				IPHONEOS_DEPLOYMENT_TARGET = 13.2;
				MTL_ENABLE_DEBUG_INFO = NO;
				MTL_FAST_MATH = YES;
				SDKROOT = iphoneos;
				SWIFT_COMPILATION_MODE = wholemodule;
				SWIFT_OPTIMIZATION_LEVEL = "-O";
				VALIDATE_PRODUCT = YES;
			};
			name = Release;
		};
		788007492413F37500F43B71 /* Debug */ = {
			isa = XCBuildConfiguration;
			baseConfigurationReference = E4BD33A3262713B50F5A8AF8 /* Pods-Hookies.debug.xcconfig */;
			buildSettings = {
				ASSETCATALOG_COMPILER_APPICON_NAME = AppIcon;
				CODE_SIGN_ENTITLEMENTS = "";
				CODE_SIGN_STYLE = Automatic;
				DEVELOPMENT_TEAM = 376AL79MD8;
				INFOPLIST_FILE = Hookies/Info.plist;
				LD_RUNPATH_SEARCH_PATHS = (
					"$(inherited)",
					"@executable_path/Frameworks",
				);
				PRODUCT_BUNDLE_IDENTIFIER = CS3217.Hookies;
				PRODUCT_NAME = "$(TARGET_NAME)";
				SWIFT_VERSION = 5.0;
				TARGETED_DEVICE_FAMILY = "1,2";
			};
			name = Debug;
		};
		7880074A2413F37500F43B71 /* Release */ = {
			isa = XCBuildConfiguration;
			baseConfigurationReference = C364F01FF1FB9428E5874C6B /* Pods-Hookies.release.xcconfig */;
			buildSettings = {
				ASSETCATALOG_COMPILER_APPICON_NAME = AppIcon;
				CODE_SIGN_ENTITLEMENTS = "";
				CODE_SIGN_STYLE = Automatic;
				DEVELOPMENT_TEAM = 376AL79MD8;
				INFOPLIST_FILE = Hookies/Info.plist;
				LD_RUNPATH_SEARCH_PATHS = (
					"$(inherited)",
					"@executable_path/Frameworks",
				);
				PRODUCT_BUNDLE_IDENTIFIER = CS3217.Hookies;
				PRODUCT_NAME = "$(TARGET_NAME)";
				SWIFT_VERSION = 5.0;
				TARGETED_DEVICE_FAMILY = "1,2";
			};
			name = Release;
		};
		7880074C2413F37500F43B71 /* Debug */ = {
			isa = XCBuildConfiguration;
			buildSettings = {
				ALWAYS_EMBED_SWIFT_STANDARD_LIBRARIES = YES;
				BUNDLE_LOADER = "$(TEST_HOST)";
				CODE_SIGN_STYLE = Automatic;
				INFOPLIST_FILE = HookiesTests/Info.plist;
				IPHONEOS_DEPLOYMENT_TARGET = 13.2;
				LD_RUNPATH_SEARCH_PATHS = (
					"$(inherited)",
					"@executable_path/Frameworks",
					"@loader_path/Frameworks",
				);
				PRODUCT_BUNDLE_IDENTIFIER = CS3217.HookiesTests;
				PRODUCT_NAME = "$(TARGET_NAME)";
				SWIFT_VERSION = 5.0;
				TARGETED_DEVICE_FAMILY = "1,2";
				TEST_HOST = "$(BUILT_PRODUCTS_DIR)/Hookies.app/Hookies";
			};
			name = Debug;
		};
		7880074D2413F37500F43B71 /* Release */ = {
			isa = XCBuildConfiguration;
			buildSettings = {
				ALWAYS_EMBED_SWIFT_STANDARD_LIBRARIES = YES;
				BUNDLE_LOADER = "$(TEST_HOST)";
				CODE_SIGN_STYLE = Automatic;
				INFOPLIST_FILE = HookiesTests/Info.plist;
				IPHONEOS_DEPLOYMENT_TARGET = 13.2;
				LD_RUNPATH_SEARCH_PATHS = (
					"$(inherited)",
					"@executable_path/Frameworks",
					"@loader_path/Frameworks",
				);
				PRODUCT_BUNDLE_IDENTIFIER = CS3217.HookiesTests;
				PRODUCT_NAME = "$(TARGET_NAME)";
				SWIFT_VERSION = 5.0;
				TARGETED_DEVICE_FAMILY = "1,2";
				TEST_HOST = "$(BUILT_PRODUCTS_DIR)/Hookies.app/Hookies";
			};
			name = Release;
		};
		7880074F2413F37500F43B71 /* Debug */ = {
			isa = XCBuildConfiguration;
			buildSettings = {
				ALWAYS_EMBED_SWIFT_STANDARD_LIBRARIES = YES;
				CODE_SIGN_STYLE = Automatic;
				INFOPLIST_FILE = HookiesUITests/Info.plist;
				LD_RUNPATH_SEARCH_PATHS = (
					"$(inherited)",
					"@executable_path/Frameworks",
					"@loader_path/Frameworks",
				);
				PRODUCT_BUNDLE_IDENTIFIER = CS3217.HookiesUITests;
				PRODUCT_NAME = "$(TARGET_NAME)";
				SWIFT_VERSION = 5.0;
				TARGETED_DEVICE_FAMILY = "1,2";
				TEST_TARGET_NAME = Hookies;
			};
			name = Debug;
		};
		788007502413F37500F43B71 /* Release */ = {
			isa = XCBuildConfiguration;
			buildSettings = {
				ALWAYS_EMBED_SWIFT_STANDARD_LIBRARIES = YES;
				CODE_SIGN_STYLE = Automatic;
				INFOPLIST_FILE = HookiesUITests/Info.plist;
				LD_RUNPATH_SEARCH_PATHS = (
					"$(inherited)",
					"@executable_path/Frameworks",
					"@loader_path/Frameworks",
				);
				PRODUCT_BUNDLE_IDENTIFIER = CS3217.HookiesUITests;
				PRODUCT_NAME = "$(TARGET_NAME)";
				SWIFT_VERSION = 5.0;
				TARGETED_DEVICE_FAMILY = "1,2";
				TEST_TARGET_NAME = Hookies;
			};
			name = Release;
		};
/* End XCBuildConfiguration section */

/* Begin XCConfigurationList section */
		788007152413F37100F43B71 /* Build configuration list for PBXProject "Hookies" */ = {
			isa = XCConfigurationList;
			buildConfigurations = (
				788007462413F37500F43B71 /* Debug */,
				788007472413F37500F43B71 /* Release */,
			);
			defaultConfigurationIsVisible = 0;
			defaultConfigurationName = Release;
		};
		788007482413F37500F43B71 /* Build configuration list for PBXNativeTarget "Hookies" */ = {
			isa = XCConfigurationList;
			buildConfigurations = (
				788007492413F37500F43B71 /* Debug */,
				7880074A2413F37500F43B71 /* Release */,
			);
			defaultConfigurationIsVisible = 0;
			defaultConfigurationName = Release;
		};
		7880074B2413F37500F43B71 /* Build configuration list for PBXNativeTarget "HookiesTests" */ = {
			isa = XCConfigurationList;
			buildConfigurations = (
				7880074C2413F37500F43B71 /* Debug */,
				7880074D2413F37500F43B71 /* Release */,
			);
			defaultConfigurationIsVisible = 0;
			defaultConfigurationName = Release;
		};
		7880074E2413F37500F43B71 /* Build configuration list for PBXNativeTarget "HookiesUITests" */ = {
			isa = XCConfigurationList;
			buildConfigurations = (
				7880074F2413F37500F43B71 /* Debug */,
				788007502413F37500F43B71 /* Release */,
			);
			defaultConfigurationIsVisible = 0;
			defaultConfigurationName = Release;
		};
/* End XCConfigurationList section */
	};
	rootObject = 788007122413F37100F43B71 /* Project object */;
}
